
Microsoft Visual Studio Solution File, Format Version 12.00
# Visual Studio Version 17
VisualStudioVersion = 17.14.36414.22
MinimumVisualStudioVersion = 10.0.40219.1
Project("{FAE04EC0-301F-11D3-BF4B-00C04F79EFBC}") = "api.mstiADM.SDK.csharp", "api.mstiADM.SDK.csharp\api.mstiADM.SDK.csharp.csproj", "{71F5C37B-AC42-4A2A-9C79-331486D9621B}"
EndProject
Project("{FAE04EC0-301F-11D3-BF4B-00C04F79EFBC}") = "api.mstiADM.SDK.csharp.Tests", "api.mstiADM.SDK.csharp.Tests\api.mstiADM.SDK.csharp.Tests.csproj", "{4A07E428-6ECA-4D1A-910B-4F4F77BEBF7C}"
EndProject
Global
	GlobalSection(SolutionConfigurationPlatforms) = preSolution
		Debug|Any CPU = Debug|Any CPU
		Release|Any CPU = Release|Any CPU
	EndGlobalSection
	GlobalSection(ProjectConfigurationPlatforms) = postSolution
		{71F5C37B-AC42-4A2A-9C79-331486D9621B}.Debug|Any CPU.ActiveCfg = Debug|Any CPU
		{71F5C37B-AC42-4A2A-9C79-331486D9621B}.Debug|Any CPU.Build.0 = Debug|Any CPU
		{71F5C37B-AC42-4A2A-9C79-331486D9621B}.Release|Any CPU.ActiveCfg = Release|Any CPU
		{71F5C37B-AC42-4A2A-9C79-331486D9621B}.Release|Any CPU.Build.0 = Release|Any CPU
		{4A07E428-6ECA-4D1A-910B-4F4F77BEBF7C}.Debug|Any CPU.ActiveCfg = Debug|Any CPU
		{4A07E428-6ECA-4D1A-910B-4F4F77BEBF7C}.Debug|Any CPU.Build.0 = Debug|Any CPU
		{4A07E428-6ECA-4D1A-910B-4F4F77BEBF7C}.Release|Any CPU.ActiveCfg = Release|Any CPU
		{4A07E428-6ECA-4D1A-910B-4F4F77BEBF7C}.Release|Any CPU.Build.0 = Release|Any CPU
	EndGlobalSection
	GlobalSection(SolutionProperties) = preSolution
		HideSolutionNode = FALSE
	EndGlobalSection
	GlobalSection(ExtensibilityGlobals) = postSolution
		SolutionGuid = {70E24A5C-7CCC-4238-A35C-0771EF634769}
	EndGlobalSection
EndGlobal
